
Microsoft Visual Studio Solution File, Format Version 12.00
# Visual Studio 15
VisualStudioVersion = 15.0.27428.1
MinimumVisualStudioVersion = 10.0.40219.1
Project("{FAE04EC0-301F-11D3-BF4B-00C04F79EFBC}") = "LanPartyHub", "LanPartyHub\LanPartyHub.csproj", "{253EC56D-60BA-4A4D-B3D8-28B297E80110}"
EndProject
Project("{FAE04EC0-301F-11D3-BF4B-00C04F79EFBC}") = "GameHubTests", "GameHubTests\GameHubTests.csproj", "{F248A801-6150-43DE-9F99-728ED6FA70F1}"
EndProject
Global
	GlobalSection(SolutionConfigurationPlatforms) = preSolution
		Debug|Any CPU = Debug|Any CPU
		Release|Any CPU = Release|Any CPU
	EndGlobalSection
	GlobalSection(ProjectConfigurationPlatforms) = postSolution
		{253EC56D-60BA-4A4D-B3D8-28B297E80110}.Debug|Any CPU.ActiveCfg = Debug|Any CPU
		{253EC56D-60BA-4A4D-B3D8-28B297E80110}.Debug|Any CPU.Build.0 = Debug|Any CPU
		{253EC56D-60BA-4A4D-B3D8-28B297E80110}.Release|Any CPU.ActiveCfg = Release|Any CPU
		{253EC56D-60BA-4A4D-B3D8-28B297E80110}.Release|Any CPU.Build.0 = Release|Any CPU
		{F248A801-6150-43DE-9F99-728ED6FA70F1}.Debug|Any CPU.ActiveCfg = Debug|Any CPU
		{F248A801-6150-43DE-9F99-728ED6FA70F1}.Debug|Any CPU.Build.0 = Debug|Any CPU
		{F248A801-6150-43DE-9F99-728ED6FA70F1}.Release|Any CPU.ActiveCfg = Release|Any CPU
		{F248A801-6150-43DE-9F99-728ED6FA70F1}.Release|Any CPU.Build.0 = Release|Any CPU
	EndGlobalSection
	GlobalSection(SolutionProperties) = preSolution
		HideSolutionNode = FALSE
	EndGlobalSection
	GlobalSection(ExtensibilityGlobals) = postSolution
		SolutionGuid = {897D57E7-89B4-4AC2-A6E8-A5EAB5217064}
	EndGlobalSection
EndGlobal
